github.com/fatih/color v0.0.0-20151111120202-9aae6aaa2231 h1:SJQOrTKavQKN9enteIYsYLMIk4Qz1bs+ayguw0JqiCY=
github.com/fatih/color v0.0.0-20151111120202-9aae6aaa2231/go.mod h1:Zm6kSWBoL9eyXnKyktHP6abPY2pDugNf5KwzbycvMj4=
github.com/mattn/go-colorable v0.0.8-0.20170221004137-d898aa9fb31c h1:92u24RLD37W+Dz6UhUUmyu0KGChKGvN3WeO97ia7FQI=
github.com/mattn/go-colorable v0.0.8-0.20170221004137-d898aa9fb31c/go.mod h1:9vuHe8Xs5qXnSaW/c/ABM9alt+Vo+STaOChaDxuIBZU=
github.com/mattn/go-isatty v0.0.0-20151211000621-56b76bdf51f7 h1:owMyzMR4QR+jSdlfkX9jPU3rsby4++j99BfbtgVr6ZY=
github.com/mattn/go-isatty v0.0.0-20151211000621-56b76bdf51f7/go.mod h1:M+lRXTBqGeGNdLjl/ufCoiOlB5xdOkqRJdNxMWT7Zi4=
github.com/pkg/errors v0.7.1 h1:0XSZhzhcAUrs2vsv1y5jaxWejlCCgvxI/kBpbRFMZ+o=
github.com/pkg/errors v0.7.1/go.mod h1:bwawxfHBFNV+L2hUp1rHADufV3IMtnDRdf1r5NINEl0=
github.com/shiena/ansicolor v0.0.0-20200904210342-c7312218db18 h1:DAYUYH5869yV94zvCES9F51oYtN5oGlwjxJJz7ZCnik=
github.com/shiena/ansicolor v0.0.0-20200904210342-c7312218db18/go.mod h1:nkxAfR/5quYxwPZhyDxgasBMnRtBZd0FCEpawpjMUFg=
golang.org/x/sys v0.0.0-20161214190518-d75a52659825 h1:4d9VvrP9mESHxCpAwE1G5e1D8Ybj9v7pX19HkGQV0lk=
golang.org/x/sys v0.0.0-20161214190518-d75a52659825/go.mod h1:STP8DvDyc/dI5b8T5hshtkjS+E42TnysNCUPdjciGhY=
